
Microsoft Visual Studio Solution File, Format Version 12.00
# Visual Studio Version 17
VisualStudioVersion = 17.11.35312.102
MinimumVisualStudioVersion = 10.0.40219.1
Project("{FAE04EC0-301F-11D3-BF4B-00C04F79EFBC}") = "Taller1POO.Class", "Taller1POO.Class\Taller1POO.Class.csproj", "{811747F4-0EE4-490F-969B-5C571A2327F0}"
EndProject
Project("{FAE04EC0-301F-11D3-BF4B-00C04F79EFBC}") = "Taller1POO.console", "Taller1POO.console\Taller1POO.console.csproj", "{903D9604-28CA-4D3F-8AFE-72BDA3652577}"
EndProject
Global
	GlobalSection(SolutionConfigurationPlatforms) = preSolution
		Debug|Any CPU = Debug|Any CPU
		Release|Any CPU = Release|Any CPU
	EndGlobalSection
	GlobalSection(ProjectConfigurationPlatforms) = postSolution
		{811747F4-0EE4-490F-969B-5C571A2327F0}.Debug|Any CPU.ActiveCfg = Debug|Any CPU
		{811747F4-0EE4-490F-969B-5C571A2327F0}.Debug|Any CPU.Build.0 = Debug|Any CPU
		{811747F4-0EE4-490F-969B-5C571A2327F0}.Release|Any CPU.ActiveCfg = Release|Any CPU
		{811747F4-0EE4-490F-969B-5C571A2327F0}.Release|Any CPU.Build.0 = Release|Any CPU
		{903D9604-28CA-4D3F-8AFE-72BDA3652577}.Debug|Any CPU.ActiveCfg = Debug|Any CPU
		{903D9604-28CA-4D3F-8AFE-72BDA3652577}.Debug|Any CPU.Build.0 = Debug|Any CPU
		{903D9604-28CA-4D3F-8AFE-72BDA3652577}.Release|Any CPU.ActiveCfg = Release|Any CPU
		{903D9604-28CA-4D3F-8AFE-72BDA3652577}.Release|Any CPU.Build.0 = Release|Any CPU
	EndGlobalSection
	GlobalSection(SolutionProperties) = preSolution
		HideSolutionNode = FALSE
	EndGlobalSection
	GlobalSection(ExtensibilityGlobals) = postSolution
		SolutionGuid = {BD12475D-ECB2-49D4-B299-226041956534}
	EndGlobalSection
EndGlobal
